
Microsoft Visual Studio Solution File, Format Version 12.00
# Visual Studio Version 16
VisualStudioVersion = 16.0.29613.14
MinimumVisualStudioVersion = 10.0.40219.1
Project("{FAE04EC0-301F-11D3-BF4B-00C04F79EFBC}") = "ExampleMVVM", "ExampleMVVM.csproj", "{3DA008C2-6033-4F6A-B75A-BA1082A94C9D}"
EndProject
Global
	GlobalSection(SolutionConfigurationPlatforms) = preSolution
		Debug|Any CPU = Debug|Any CPU
		Release|Any CPU = Release|Any CPU
	EndGlobalSection
	GlobalSection(ProjectConfigurationPlatforms) = postSolution
		{3DA008C2-6033-4F6A-B75A-BA1082A94C9D}.Debug|Any CPU.ActiveCfg = Debug|Any CPU
		{3DA008C2-6033-4F6A-B75A-BA1082A94C9D}.Debug|Any CPU.Build.0 = Debug|Any CPU
		{3DA008C2-6033-4F6A-B75A-BA1082A94C9D}.Release|Any CPU.ActiveCfg = Release|Any CPU
		{3DA008C2-6033-4F6A-B75A-BA1082A94C9D}.Release|Any CPU.Build.0 = Release|Any CPU
	EndGlobalSection
	GlobalSection(SolutionProperties) = preSolution
		HideSolutionNode = FALSE
	EndGlobalSection
	GlobalSection(ExtensibilityGlobals) = postSolution
		SolutionGuid = {E7F3A995-DAF2-46A1-9D41-C2E8061B50E0}
	EndGlobalSection
EndGlobal
